{
  "pins" : [
    {
      "identity" : "realm-core",
      "kind" : "remoteSourceControl",
      "location" : "https://github.com/realm/realm-core.git",
      "state" : {
        "revision" : "adbefab1b21e92c45c21e6cff8eb42632f14a09a",
        "version" : "14.6.0"
      }
    },
    {
      "identity" : "realm-swift",
      "kind" : "remoteSourceControl",
      "location" : "https://github.com/realm/realm-swift.git",
      "state" : {
        "branch" : "master",
        "revision" : "15380c191e3addc09bdfe46b851be0c3e5fedd50"
      }
    }
  ],
  "version" : 2
}
