// !$*UTF8*$!
{
	archiveVersion = 1;
	classes = {
	};
	objectVersion = 56;
	objects = {

/* Begin PBXBuildFile section */
		A22E1BEF2C33718200A65F31 /* MoodDropView.swift in Sources */ = {isa = PBXBuildFile; fileRef = A22E1BEE2C33718200A65F31 /* MoodDropView.swift */; };
		A27557082C5BF20B001BDD88 /* ChartsView.swift in Sources */ = {isa = PBXBuildFile; fileRef = A27557072C5BF20B001BDD88 /* ChartsView.swift */; };
		A279AC822C3C9AC0004410B7 /* Register.swift in Sources */ = {isa = PBXBuildFile; fileRef = A279AC812C3C9AC0004410B7 /* Register.swift */; };
		A279AC842C4325C0004410B7 /* HistoryView.swift in Sources */ = {isa = PBXBuildFile; fileRef = A279AC832C4325C0004410B7 /* HistoryView.swift */; };
		A2C121782CA25F7C001C866E /* CameraManager.swift in Sources */ = {isa = PBXBuildFile; fileRef = A2C121772CA25F77001C866E /* CameraManager.swift */; };
		A2C1217A2CA26020001C866E /* MoodDetectionView.swift in Sources */ = {isa = PBXBuildFile; fileRef = A2C121792CA2601B001C866E /* MoodDetectionView.swift */; };
		A2E061A82C6434060064B022 /* MoodsView.swift in Sources */ = {isa = PBXBuildFile; fileRef = A2E061A72C6434060064B022 /* MoodsView.swift */; };
		A2F63C322BE0549200822BCA /* MoodScapeApp.swift in Sources */ = {isa = PBXBuildFile; fileRef = A2F63C312BE0549200822BCA /* MoodScapeApp.swift */; };
		A2F63C342BE0549200822BCA /* ContentView.swift in Sources */ = {isa = PBXBuildFile; fileRef = A2F63C332BE0549200822BCA /* ContentView.swift */; };
		A2F63C362BE0549700822BCA /* Assets.xcassets in Resources */ = {isa = PBXBuildFile; fileRef = A2F63C352BE0549700822BCA /* Assets.xcassets */; };
		A2F63C392BE0549700822BCA /* Preview Assets.xcassets in Resources */ = {isa = PBXBuildFile; fileRef = A2F63C382BE0549700822BCA /* Preview Assets.xcassets */; };
		A2F63C402BE05ECA00822BCA /* RatingView.swift in Sources */ = {isa = PBXBuildFile; fileRef = A2F63C3F2BE05ECA00822BCA /* RatingView.swift */; };
		A2F63C432BE0631500822BCA /* MIcons.swift in Sources */ = {isa = PBXBuildFile; fileRef = A2F63C422BE0631500822BCA /* MIcons.swift */; };
		FA6FE4312C83A69C00440A26 /* RatingPicker.swift in Sources */ = {isa = PBXBuildFile; fileRef = FA6FE4302C83A69C00440A26 /* RatingPicker.swift */; };
		FA6FE4332C83A6FC00440A26 /* RatingAssets.xcassets in Resources */ = {isa = PBXBuildFile; fileRef = FA6FE4322C83A6FC00440A26 /* RatingAssets.xcassets */; };
		FA6FE4382C83B4A800440A26 /* MChartView.swift in Sources */ = {isa = PBXBuildFile; fileRef = FA6FE4372C83B4A800440A26 /* MChartView.swift */; };
		FA6FE43A2C83B54C00440A26 /* SummaryType.swift in Sources */ = {isa = PBXBuildFile; fileRef = FA6FE4392C83B54C00440A26 /* SummaryType.swift */; };
		FA6FE43E2C83B61E00440A26 /* MChartCoordinates.swift in Sources */ = {isa = PBXBuildFile; fileRef = FA6FE43D2C83B61E00440A26 /* MChartCoordinates.swift */; };
		FA8C13BA2C83A40200A765E2 /* MButton.swift in Sources */ = {isa = PBXBuildFile; fileRef = FA8C13B92C83A40200A765E2 /* MButton.swift */; };
/* End PBXBuildFile section */

/* Begin PBXFileReference section */
		A22E1BEE2C33718200A65F31 /* MoodDropView.swift */ = {isa = PBXFileReference; lastKnownFileType = sourcecode.swift; path = MoodDropView.swift; sourceTree = "<group>"; };
		A27557072C5BF20B001BDD88 /* ChartsView.swift */ = {isa = PBXFileReference; lastKnownFileType = sourcecode.swift; path = ChartsView.swift; sourceTree = "<group>"; };
		A279AC812C3C9AC0004410B7 /* Register.swift */ = {isa = PBXFileReference; lastKnownFileType = sourcecode.swift; path = Register.swift; sourceTree = "<group>"; };
		A279AC832C4325C0004410B7 /* HistoryView.swift */ = {isa = PBXFileReference; lastKnownFileType = sourcecode.swift; path = HistoryView.swift; sourceTree = "<group>"; };
		A2C121752CA25D5E001C866E /* Info.plist */ = {isa = PBXFileReference; lastKnownFileType = text.plist; path = Info.plist; sourceTree = "<group>"; };
		A2C121772CA25F77001C866E /* CameraManager.swift */ = {isa = PBXFileReference; lastKnownFileType = sourcecode.swift; path = CameraManager.swift; sourceTree = "<group>"; };
		A2C121792CA2601B001C866E /* MoodDetectionView.swift */ = {isa = PBXFileReference; lastKnownFileType = sourcecode.swift; path = MoodDetectionView.swift; sourceTree = "<group>"; };
		A2E061A72C6434060064B022 /* MoodsView.swift */ = {isa = PBXFileReference; lastKnownFileType = sourcecode.swift; path = MoodsView.swift; sourceTree = "<group>"; };
		A2F63C2E2BE0549200822BCA /* MoodScape.app */ = {isa = PBXFileReference; explicitFileType = wrapper.application; includeInIndex = 0; path = MoodScape.app; sourceTree = BUILT_PRODUCTS_DIR; };
		A2F63C312BE0549200822BCA /* MoodScapeApp.swift */ = {isa = PBXFileReference; lastKnownFileType = sourcecode.swift; path = MoodScapeApp.swift; sourceTree = "<group>"; };
		A2F63C332BE0549200822BCA /* ContentView.swift */ = {isa = PBXFileReference; lastKnownFileType = sourcecode.swift; path = ContentView.swift; sourceTree = "<group>"; };
		A2F63C352BE0549700822BCA /* Assets.xcassets */ = {isa = PBXFileReference; lastKnownFileType = folder.assetcatalog; path = Assets.xcassets; sourceTree = "<group>"; };
		A2F63C382BE0549700822BCA /* Preview Assets.xcassets */ = {isa = PBXFileReference; lastKnownFileType = folder.assetcatalog; path = "Preview Assets.xcassets"; sourceTree = "<group>"; };
		A2F63C3F2BE05ECA00822BCA /* RatingView.swift */ = {isa = PBXFileReference; lastKnownFileType = sourcecode.swift; path = RatingView.swift; sourceTree = "<group>"; };
		A2F63C422BE0631500822BCA /* MIcons.swift */ = {isa = PBXFileReference; lastKnownFileType = sourcecode.swift; path = MIcons.swift; sourceTree = "<group>"; };
		FA6FE4302C83A69C00440A26 /* RatingPicker.swift */ = {isa = PBXFileReference; lastKnownFileType = sourcecode.swift; path = RatingPicker.swift; sourceTree = "<group>"; };
		FA6FE4322C83A6FC00440A26 /* RatingAssets.xcassets */ = {isa = PBXFileReference; lastKnownFileType = folder.assetcatalog; path = RatingAssets.xcassets; sourceTree = "<group>"; };
		FA6FE4372C83B4A800440A26 /* MChartView.swift */ = {isa = PBXFileReference; lastKnownFileType = sourcecode.swift; path = MChartView.swift; sourceTree = "<group>"; };
		FA6FE4392C83B54C00440A26 /* SummaryType.swift */ = {isa = PBXFileReference; lastKnownFileType = sourcecode.swift; path = SummaryType.swift; sourceTree = "<group>"; };
		FA6FE43D2C83B61E00440A26 /* MChartCoordinates.swift */ = {isa = PBXFileReference; lastKnownFileType = sourcecode.swift; path = MChartCoordinates.swift; sourceTree = "<group>"; };
		FA8C13B92C83A40200A765E2 /* MButton.swift */ = {isa = PBXFileReference; lastKnownFileType = sourcecode.swift; path = MButton.swift; sourceTree = "<group>"; };
/* End PBXFileReference section */

/* Begin PBXFrameworksBuildPhase section */
		A2F63C2B2BE0549200822BCA /* Frameworks */ = {
			isa = PBXFrameworksBuildPhase;
			buildActionMask = 2147483647;
			files = (
			);
			runOnlyForDeploymentPostprocessing = 0;
		};
/* End PBXFrameworksBuildPhase section */

/* Begin PBXGroup section */
		A2C121762CA25F54001C866E /* MoodDetection */ = {
			isa = PBXGroup;
			children = (
				A2C121792CA2601B001C866E /* MoodDetectionView.swift */,
				A2C121772CA25F77001C866E /* CameraManager.swift */,
			);
			path = MoodDetection;
			sourceTree = "<group>";
		};
		A2F63C252BE0549200822BCA = {
			isa = PBXGroup;
			children = (
				A2F63C302BE0549200822BCA /* MoodScape */,
				A2F63C2F2BE0549200822BCA /* Products */,
			);
			sourceTree = "<group>";
		};
		A2F63C2F2BE0549200822BCA /* Products */ = {
			isa = PBXGroup;
			children = (
				A2F63C2E2BE0549200822BCA /* MoodScape.app */,
			);
			name = Products;
			sourceTree = "<group>";
		};
		A2F63C302BE0549200822BCA /* MoodScape */ = {
			isa = PBXGroup;
			children = (
				A2C121752CA25D5E001C866E /* Info.plist */,
				FA6FE4342C83AB5000440A26 /* Models */,
				FA6FE42E2C83A67600440A26 /* Sections */,
				FA8C13B72C83A3BF00A765E2 /* Components */,
				A2F63C412BE062FE00822BCA /* Utils */,
				A2F63C312BE0549200822BCA /* MoodScapeApp.swift */,
				A2F63C332BE0549200822BCA /* ContentView.swift */,
				A22E1BEE2C33718200A65F31 /* MoodDropView.swift */,
				A2F63C352BE0549700822BCA /* Assets.xcassets */,
				A2F63C372BE0549700822BCA /* Preview Content */,
			);
			path = MoodScape;
			sourceTree = "<group>";
		};
		A2F63C372BE0549700822BCA /* Preview Content */ = {
			isa = PBXGroup;
			children = (
				A2F63C382BE0549700822BCA /* Preview Assets.xcassets */,
			);
			path = "Preview Content";
			sourceTree = "<group>";
		};
		A2F63C412BE062FE00822BCA /* Utils */ = {
			isa = PBXGroup;
			children = (
				A2F63C422BE0631500822BCA /* MIcons.swift */,
			);
			path = Utils;
			sourceTree = "<group>";
		};
		FA6FE42E2C83A67600440A26 /* Sections */ = {
			isa = PBXGroup;
			children = (
				A2C121762CA25F54001C866E /* MoodDetection */,
				FA6FE4362C83ADC200440A26 /* Charts */,
				FA6FE4352C83AB8000440A26 /* History */,
				FA6FE42F2C83A68100440A26 /* Rating */,
			);
			path = Sections;
			sourceTree = "<group>";
		};
		FA6FE42F2C83A68100440A26 /* Rating */ = {
			isa = PBXGroup;
			children = (
				A2F63C3F2BE05ECA00822BCA /* RatingView.swift */,
				FA6FE4302C83A69C00440A26 /* RatingPicker.swift */,
				A2E061A72C6434060064B022 /* MoodsView.swift */,
				FA6FE4322C83A6FC00440A26 /* RatingAssets.xcassets */,
			);
			path = Rating;
			sourceTree = "<group>";
		};
		FA6FE4342C83AB5000440A26 /* Models */ = {
			isa = PBXGroup;
			children = (
				A279AC812C3C9AC0004410B7 /* Register.swift */,
			);
			path = Models;
			sourceTree = "<group>";
		};
		FA6FE4352C83AB8000440A26 /* History */ = {
			isa = PBXGroup;
			children = (
				A279AC832C4325C0004410B7 /* HistoryView.swift */,
			);
			path = History;
			sourceTree = "<group>";
		};
		FA6FE4362C83ADC200440A26 /* Charts */ = {
			isa = PBXGroup;
			children = (
				A27557072C5BF20B001BDD88 /* ChartsView.swift */,
				FA6FE4392C83B54C00440A26 /* SummaryType.swift */,
			);
			path = Charts;
			sourceTree = "<group>";
		};
		FA6FE43B2C83B5E900440A26 /* Button */ = {
			isa = PBXGroup;
			children = (
				FA8C13B92C83A40200A765E2 /* MButton.swift */,
			);
			path = Button;
			sourceTree = "<group>";
		};
		FA6FE43C2C83B5F600440A26 /* Chart */ = {
			isa = PBXGroup;
			children = (
				FA6FE4372C83B4A800440A26 /* MChartView.swift */,
				FA6FE43D2C83B61E00440A26 /* MChartCoordinates.swift */,
			);
			path = Chart;
			sourceTree = "<group>";
		};
		FA8C13B72C83A3BF00A765E2 /* Components */ = {
			isa = PBXGroup;
			children = (
				FA6FE43C2C83B5F600440A26 /* Chart */,
				FA6FE43B2C83B5E900440A26 /* Button */,
			);
			path = Components;
			sourceTree = "<group>";
		};
/* End PBXGroup section */

/* Begin PBXNativeTarget section */
		A2F63C2D2BE0549200822BCA /* MoodScape */ = {
			isa = PBXNativeTarget;
			buildConfigurationList = A2F63C3C2BE0549700822BCA /* Build configuration list for PBXNativeTarget "MoodScape" */;
			buildPhases = (
				A2F63C2A2BE0549200822BCA /* Sources */,
				A2F63C2B2BE0549200822BCA /* Frameworks */,
				A2F63C2C2BE0549200822BCA /* Resources */,
			);
			buildRules = (
			);
			dependencies = (
			);
			name = MoodScape;
			packageProductDependencies = (
			);
			productName = MoodScape;
			productReference = A2F63C2E2BE0549200822BCA /* MoodScape.app */;
			productType = "com.apple.product-type.application";
		};
/* End PBXNativeTarget section */

/* Begin PBXProject section */
		A2F63C262BE0549200822BCA /* Project object */ = {
			isa = PBXProject;
			attributes = {
				BuildIndependentTargetsInParallel = 1;
				LastSwiftUpdateCheck = 1510;
				LastUpgradeCheck = 1510;
				TargetAttributes = {
					A2F63C2D2BE0549200822BCA = {
						CreatedOnToolsVersion = 15.1;
					};
				};
			};
			buildConfigurationList = A2F63C292BE0549200822BCA /* Build configuration list for PBXProject "MoodScape" */;
			compatibilityVersion = "Xcode 14.0";
			developmentRegion = en;
			hasScannedForEncodings = 0;
			knownRegions = (
				en,
				Base,
			);
			mainGroup = A2F63C252BE0549200822BCA;
			packageReferences = (
			);
			productRefGroup = A2F63C2F2BE0549200822BCA /* Products */;
			projectDirPath = "";
			projectRoot = "";
			targets = (
				A2F63C2D2BE0549200822BCA /* MoodScape */,
			);
		};
/* End PBXProject section */

/* Begin PBXResourcesBuildPhase section */
		A2F63C2C2BE0549200822BCA /* Resources */ = {
			isa = PBXResourcesBuildPhase;
			buildActionMask = 2147483647;
			files = (
				A2F63C392BE0549700822BCA /* Preview Assets.xcassets in Resources */,
				FA6FE4332C83A6FC00440A26 /* RatingAssets.xcassets in Resources */,
				A2F63C362BE0549700822BCA /* Assets.xcassets in Resources */,
			);
			runOnlyForDeploymentPostprocessing = 0;
		};
/* End PBXResourcesBuildPhase section */

/* Begin PBXSourcesBuildPhase section */
		A2F63C2A2BE0549200822BCA /* Sources */ = {
			isa = PBXSourcesBuildPhase;
			buildActionMask = 2147483647;
			files = (
				A279AC842C4325C0004410B7 /* HistoryView.swift in Sources */,
				A2F63C432BE0631500822BCA /* MIcons.swift in Sources */,
				FA6FE43A2C83B54C00440A26 /* SummaryType.swift in Sources */,
				A279AC822C3C9AC0004410B7 /* Register.swift in Sources */,
				A2C121782CA25F7C001C866E /* CameraManager.swift in Sources */,
				FA6FE43E2C83B61E00440A26 /* MChartCoordinates.swift in Sources */,
				A27557082C5BF20B001BDD88 /* ChartsView.swift in Sources */,
				FA6FE4312C83A69C00440A26 /* RatingPicker.swift in Sources */,
				FA6FE4382C83B4A800440A26 /* MChartView.swift in Sources */,
				A2E061A82C6434060064B022 /* MoodsView.swift in Sources */,
				A2F63C402BE05ECA00822BCA /* RatingView.swift in Sources */,
				A2C1217A2CA26020001C866E /* MoodDetectionView.swift in Sources */,
				A2F63C342BE0549200822BCA /* ContentView.swift in Sources */,
				FA8C13BA2C83A40200A765E2 /* MButton.swift in Sources */,
				A2F63C322BE0549200822BCA /* MoodScapeApp.swift in Sources */,
				A22E1BEF2C33718200A65F31 /* MoodDropView.swift in Sources */,
			);
			runOnlyForDeploymentPostprocessing = 0;
		};
/* End PBXSourcesBuildPhase section */

/* Begin XCBuildConfiguration section */
		A2F63C3A2BE0549700822BCA /* Debug */ = {
			isa = XCBuildConfiguration;
			buildSettings = {
				ALWAYS_SEARCH_USER_PATHS = NO;
				ASSETCATALOG_COMPILER_GENERATE_SWIFT_ASSET_SYMBOL_EXTENSIONS = YES;
				CLANG_ANALYZER_NONNULL = YES;
				CLANG_ANALYZER_NUMBER_OBJECT_CONVERSION = YES_AGGRESSIVE;
				CLANG_CXX_LANGUAGE_STANDARD = "gnu++20";
				CLANG_ENABLE_MODULES = YES;
				CLANG_ENABLE_OBJC_ARC = YES;
				CLANG_ENABLE_OBJC_WEAK = YES;
				CLANG_WARN_BLOCK_CAPTURE_AUTORELEASING = YES;
				CLANG_WARN_BOOL_CONVERSION = YES;
				CLANG_WARN_COMMA = YES;
				CLANG_WARN_CONSTANT_CONVERSION = YES;
				CLANG_WARN_DEPRECATED_OBJC_IMPLEMENTATIONS = YES;
				CLANG_WARN_DIRECT_OBJC_ISA_USAGE = YES_ERROR;
				CLANG_WARN_DOCUMENTATION_COMMENTS = YES;
				CLANG_WARN_EMPTY_BODY = YES;
				CLANG_WARN_ENUM_CONVERSION = YES;
				CLANG_WARN_INFINITE_RECURSION = YES;
				CLANG_WARN_INT_CONVERSION = YES;
				CLANG_WARN_NON_LITERAL_NULL_CONVERSION = YES;
				CLANG_WARN_OBJC_IMPLICIT_RETAIN_SELF = YES;
				CLANG_WARN_OBJC_LITERAL_CONVERSION = YES;
				CLANG_WARN_OBJC_ROOT_CLASS = YES_ERROR;
				CLANG_WARN_QUOTED_INCLUDE_IN_FRAMEWORK_HEADER = YES;
				CLANG_WARN_RANGE_LOOP_ANALYSIS = YES;
				CLANG_WARN_STRICT_PROTOTYPES = YES;
				CLANG_WARN_SUSPICIOUS_MOVE = YES;
				CLANG_WARN_UNGUARDED_AVAILABILITY = YES_AGGRESSIVE;
				CLANG_WARN_UNREACHABLE_CODE = YES;
				CLANG_WARN__DUPLICATE_METHOD_MATCH = YES;
				COPY_PHASE_STRIP = NO;
				DEBUG_INFORMATION_FORMAT = dwarf;
				ENABLE_STRICT_OBJC_MSGSEND = YES;
				ENABLE_TESTABILITY = YES;
				ENABLE_USER_SCRIPT_SANDBOXING = YES;
				GCC_C_LANGUAGE_STANDARD = gnu17;
				GCC_DYNAMIC_NO_PIC = NO;
				GCC_NO_COMMON_BLOCKS = YES;
				GCC_OPTIMIZATION_LEVEL = 0;
				GCC_PREPROCESSOR_DEFINITIONS = (
					"DEBUG=1",
					"$(inherited)",
				);
				GCC_WARN_64_TO_32_BIT_CONVERSION = YES;
				GCC_WARN_ABOUT_RETURN_TYPE = YES_ERROR;
				GCC_WARN_UNDECLARED_SELECTOR = YES;
				GCC_WARN_UNINITIALIZED_AUTOS = YES_AGGRESSIVE;
				GCC_WARN_UNUSED_FUNCTION = YES;
				GCC_WARN_UNUSED_VARIABLE = YES;
				IPHONEOS_DEPLOYMENT_TARGET = 17.2;
				LOCALIZATION_PREFERS_STRING_CATALOGS = YES;
				MTL_ENABLE_DEBUG_INFO = INCLUDE_SOURCE;
				MTL_FAST_MATH = YES;
				ONLY_ACTIVE_ARCH = YES;
				SDKROOT = iphoneos;
				SWIFT_ACTIVE_COMPILATION_CONDITIONS = "DEBUG $(inherited)";
				SWIFT_OPTIMIZATION_LEVEL = "-Onone";
			};
			name = Debug;
		};
		A2F63C3B2BE0549700822BCA /* Release */ = {
			isa = XCBuildConfiguration;
			buildSettings = {
				ALWAYS_SEARCH_USER_PATHS = NO;
				ASSETCATALOG_COMPILER_GENERATE_SWIFT_ASSET_SYMBOL_EXTENSIONS = YES;
				CLANG_ANALYZER_NONNULL = YES;
				CLANG_ANALYZER_NUMBER_OBJECT_CONVERSION = YES_AGGRESSIVE;
				CLANG_CXX_LANGUAGE_STANDARD = "gnu++20";
				CLANG_ENABLE_MODULES = YES;
				CLANG_ENABLE_OBJC_ARC = YES;
				CLANG_ENABLE_OBJC_WEAK = YES;
				CLANG_WARN_BLOCK_CAPTURE_AUTORELEASING = YES;
				CLANG_WARN_BOOL_CONVERSION = YES;
				CLANG_WARN_COMMA = YES;
				CLANG_WARN_CONSTANT_CONVERSION = YES;
				CLANG_WARN_DEPRECATED_OBJC_IMPLEMENTATIONS = YES;
				CLANG_WARN_DIRECT_OBJC_ISA_USAGE = YES_ERROR;
				CLANG_WARN_DOCUMENTATION_COMMENTS = YES;
				CLANG_WARN_EMPTY_BODY = YES;
				CLANG_WARN_ENUM_CONVERSION = YES;
				CLANG_WARN_INFINITE_RECURSION = YES;
				CLANG_WARN_INT_CONVERSION = YES;
				CLANG_WARN_NON_LITERAL_NULL_CONVERSION = YES;
				CLANG_WARN_OBJC_IMPLICIT_RETAIN_SELF = YES;
				CLANG_WARN_OBJC_LITERAL_CONVERSION = YES;
				CLANG_WARN_OBJC_ROOT_CLASS = YES_ERROR;
				CLANG_WARN_QUOTED_INCLUDE_IN_FRAMEWORK_HEADER = YES;
				CLANG_WARN_RANGE_LOOP_ANALYSIS = YES;
				CLANG_WARN_STRICT_PROTOTYPES = YES;
				CLANG_WARN_SUSPICIOUS_MOVE = YES;
				CLANG_WARN_UNGUARDED_AVAILABILITY = YES_AGGRESSIVE;
				CLANG_WARN_UNREACHABLE_CODE = YES;
				CLANG_WARN__DUPLICATE_METHOD_MATCH = YES;
				COPY_PHASE_STRIP = NO;
				DEBUG_INFORMATION_FORMAT = "dwarf-with-dsym";
				ENABLE_NS_ASSERTIONS = NO;
				ENABLE_STRICT_OBJC_MSGSEND = YES;
				ENABLE_USER_SCRIPT_SANDBOXING = YES;
				GCC_C_LANGUAGE_STANDARD = gnu17;
				GCC_NO_COMMON_BLOCKS = YES;
				GCC_WARN_64_TO_32_BIT_CONVERSION = YES;
				GCC_WARN_ABOUT_RETURN_TYPE = YES_ERROR;
				GCC_WARN_UNDECLARED_SELECTOR = YES;
				GCC_WARN_UNINITIALIZED_AUTOS = YES_AGGRESSIVE;
				GCC_WARN_UNUSED_FUNCTION = YES;
				GCC_WARN_UNUSED_VARIABLE = YES;
				IPHONEOS_DEPLOYMENT_TARGET = 17.2;
				LOCALIZATION_PREFERS_STRING_CATALOGS = YES;
				MTL_ENABLE_DEBUG_INFO = NO;
				MTL_FAST_MATH = YES;
				SDKROOT = iphoneos;
				SWIFT_COMPILATION_MODE = wholemodule;
				VALIDATE_PRODUCT = YES;
			};
			name = Release;
		};
		A2F63C3D2BE0549700822BCA /* Debug */ = {
			isa = XCBuildConfiguration;
			buildSettings = {
				ASSETCATALOG_COMPILER_APPICON_NAME = AppIcon;
				ASSETCATALOG_COMPILER_GLOBAL_ACCENT_COLOR_NAME = AccentColor;
				CODE_SIGN_STYLE = Automatic;
				CURRENT_PROJECT_VERSION = 1;
				DEVELOPMENT_ASSET_PATHS = "\"MoodScape/Preview Content\"";
				DEVELOPMENT_TEAM = 9UX79BP8JN;
				ENABLE_PREVIEWS = YES;
				GENERATE_INFOPLIST_FILE = YES;
				INFOPLIST_FILE = MoodScape/Info.plist;
				INFOPLIST_KEY_CFBundleDisplayName = MoodScape;
				INFOPLIST_KEY_LSApplicationCategoryType = "public.app-category.healthcare-fitness";
				INFOPLIST_KEY_NSCameraUsageDescription = "Detect face and determine mood";
				INFOPLIST_KEY_UIApplicationSceneManifest_Generation = YES;
				INFOPLIST_KEY_UIApplicationSupportsIndirectInputEvents = YES;
				INFOPLIST_KEY_UILaunchScreen_Generation = YES;
				INFOPLIST_KEY_UISupportedInterfaceOrientations = UIInterfaceOrientationPortrait;
				IPHONEOS_DEPLOYMENT_TARGET = 17.0;
				LD_RUNPATH_SEARCH_PATHS = (
					"$(inherited)",
					"@executable_path/Frameworks",
				);
				MARKETING_VERSION = 1.0;
				PRODUCT_BUNDLE_IDENTIFIER = est.dev.MoodScape;
				PRODUCT_NAME = "$(TARGET_NAME)";
				SWIFT_EMIT_LOC_STRINGS = YES;
				SWIFT_VERSION = 5.0;
				TARGETED_DEVICE_FAMILY = "1,2";
			};
			name = Debug;
		};
		A2F63C3E2BE0549700822BCA /* Release */ = {
			isa = XCBuildConfiguration;
			buildSettings = {
				ASSETCATALOG_COMPILER_APPICON_NAME = AppIcon;
				ASSETCATALOG_COMPILER_GLOBAL_ACCENT_COLOR_NAME = AccentColor;
				CODE_SIGN_STYLE = Automatic;
				CURRENT_PROJECT_VERSION = 1;
				DEVELOPMENT_ASSET_PATHS = "\"MoodScape/Preview Content\"";
				DEVELOPMENT_TEAM = 9UX79BP8JN;
				ENABLE_PREVIEWS = YES;
				GENERATE_INFOPLIST_FILE = YES;
				INFOPLIST_FILE = MoodScape/Info.plist;
				INFOPLIST_KEY_CFBundleDisplayName = MoodScape;
				INFOPLIST_KEY_LSApplicationCategoryType = "public.app-category.healthcare-fitness";
				INFOPLIST_KEY_NSCameraUsageDescription = "Detect face and determine mood";
				INFOPLIST_KEY_UIApplicationSceneManifest_Generation = YES;
				INFOPLIST_KEY_UIApplicationSupportsIndirectInputEvents = YES;
				INFOPLIST_KEY_UILaunchScreen_Generation = YES;
				INFOPLIST_KEY_UISupportedInterfaceOrientations = UIInterfaceOrientationPortrait;
				IPHONEOS_DEPLOYMENT_TARGET = 17.0;
				LD_RUNPATH_SEARCH_PATHS = (
					"$(inherited)",
					"@executable_path/Frameworks",
				);
				MARKETING_VERSION = 1.0;
				PRODUCT_BUNDLE_IDENTIFIER = est.dev.MoodScape;
				PRODUCT_NAME = "$(TARGET_NAME)";
				SWIFT_EMIT_LOC_STRINGS = YES;
				SWIFT_VERSION = 5.0;
				TARGETED_DEVICE_FAMILY = "1,2";
			};
			name = Release;
		};
/* End XCBuildConfiguration section */

/* Begin XCConfigurationList section */
		A2F63C292BE0549200822BCA /* Build configuration list for PBXProject "MoodScape" */ = {
			isa = XCConfigurationList;
			buildConfigurations = (
				A2F63C3A2BE0549700822BCA /* Debug */,
				A2F63C3B2BE0549700822BCA /* Release */,
			);
			defaultConfigurationIsVisible = 0;
			defaultConfigurationName = Release;
		};
		A2F63C3C2BE0549700822BCA /* Build configuration list for PBXNativeTarget "MoodScape" */ = {
			isa = XCConfigurationList;
			buildConfigurations = (
				A2F63C3D2BE0549700822BCA /* Debug */,
				A2F63C3E2BE0549700822BCA /* Release */,
			);
			defaultConfigurationIsVisible = 0;
			defaultConfigurationName = Release;
		};
/* End XCConfigurationList section */
	};
	rootObject = A2F63C262BE0549200822BCA /* Project object */;
}
